
Microsoft Visual Studio Solution File, Format Version 12.00
# Visual Studio Version 16
VisualStudioVersion = 16.0.30717.126
MinimumVisualStudioVersion = 10.0.40219.1
Project("{FAE04EC0-301F-11D3-BF4B-00C04F79EFBC}") = "SpaceObjects.Android", "SpaceObjects.Android\SpaceObjects.Android.csproj", "{D1D46824-E03B-4B2D-8118-55EFB57AB1CE}"
EndProject
Project("{FAE04EC0-301F-11D3-BF4B-00C04F79EFBC}") = "SpaceObjects.iOS", "SpaceObjects.iOS\SpaceObjects.iOS.csproj", "{A70E53C1-B64F-42BC-B6F0-06FB00BA26A7}"
EndProject
Project("{FAE04EC0-301F-11D3-BF4B-00C04F79EFBC}") = "SpaceObjects", "SpaceObjects\SpaceObjects.csproj", "{C7ECE0E9-5111-4545-B5DD-F6553874D3D9}"
EndProject
Global
	GlobalSection(SolutionConfigurationPlatforms) = preSolution
		Debug|Any CPU = Debug|Any CPU
		Debug|iPhone = Debug|iPhone
		Debug|iPhoneSimulator = Debug|iPhoneSimulator
		Release|Any CPU = Release|Any CPU
		Release|iPhone = Release|iPhone
		Release|iPhoneSimulator = Release|iPhoneSimulator
	EndGlobalSection
	GlobalSection(ProjectConfigurationPlatforms) = postSolution
		{D1D46824-E03B-4B2D-8118-55EFB57AB1CE}.Debug|Any CPU.ActiveCfg = Debug|Any CPU
		{D1D46824-E03B-4B2D-8118-55EFB57AB1CE}.Debug|Any CPU.Build.0 = Debug|Any CPU
		{D1D46824-E03B-4B2D-8118-55EFB57AB1CE}.Debug|Any CPU.Deploy.0 = Debug|Any CPU
		{D1D46824-E03B-4B2D-8118-55EFB57AB1CE}.Debug|iPhone.ActiveCfg = Debug|Any CPU
		{D1D46824-E03B-4B2D-8118-55EFB57AB1CE}.Debug|iPhone.Build.0 = Debug|Any CPU
		{D1D46824-E03B-4B2D-8118-55EFB57AB1CE}.Debug|iPhone.Deploy.0 = Debug|Any CPU
		{D1D46824-E03B-4B2D-8118-55EFB57AB1CE}.Debug|iPhoneSimulator.ActiveCfg = Debug|Any CPU
		{D1D46824-E03B-4B2D-8118-55EFB57AB1CE}.Debug|iPhoneSimulator.Build.0 = Debug|Any CPU
		{D1D46824-E03B-4B2D-8118-55EFB57AB1CE}.Debug|iPhoneSimulator.Deploy.0 = Debug|Any CPU
		{D1D46824-E03B-4B2D-8118-55EFB57AB1CE}.Release|Any CPU.ActiveCfg = Release|Any CPU
		{D1D46824-E03B-4B2D-8118-55EFB57AB1CE}.Release|Any CPU.Build.0 = Release|Any CPU
		{D1D46824-E03B-4B2D-8118-55EFB57AB1CE}.Release|Any CPU.Deploy.0 = Release|Any CPU
		{D1D46824-E03B-4B2D-8118-55EFB57AB1CE}.Release|iPhone.ActiveCfg = Release|Any CPU
		{D1D46824-E03B-4B2D-8118-55EFB57AB1CE}.Release|iPhone.Build.0 = Release|Any CPU
		{D1D46824-E03B-4B2D-8118-55EFB57AB1CE}.Release|iPhone.Deploy.0 = Release|Any CPU
		{D1D46824-E03B-4B2D-8118-55EFB57AB1CE}.Release|iPhoneSimulator.ActiveCfg = Release|Any CPU
		{D1D46824-E03B-4B2D-8118-55EFB57AB1CE}.Release|iPhoneSimulator.Build.0 = Release|Any CPU
		{D1D46824-E03B-4B2D-8118-55EFB57AB1CE}.Release|iPhoneSimulator.Deploy.0 = Release|Any CPU
		{A70E53C1-B64F-42BC-B6F0-06FB00BA26A7}.Debug|Any CPU.ActiveCfg = Debug|iPhone
		{A70E53C1-B64F-42BC-B6F0-06FB00BA26A7}.Debug|Any CPU.Build.0 = Debug|iPhone
		{A70E53C1-B64F-42BC-B6F0-06FB00BA26A7}.Debug|Any CPU.Deploy.0 = Debug|iPhone
		{A70E53C1-B64F-42BC-B6F0-06FB00BA26A7}.Debug|iPhone.ActiveCfg = Debug|iPhone
		{A70E53C1-B64F-42BC-B6F0-06FB00BA26A7}.Debug|iPhone.Build.0 = Debug|iPhone
		{A70E53C1-B64F-42BC-B6F0-06FB00BA26A7}.Debug|iPhone.Deploy.0 = Debug|iPhone
		{A70E53C1-B64F-42BC-B6F0-06FB00BA26A7}.Debug|iPhoneSimulator.ActiveCfg = Debug|iPhoneSimulator
		{A70E53C1-B64F-42BC-B6F0-06FB00BA26A7}.Debug|iPhoneSimulator.Build.0 = Debug|iPhoneSimulator
		{A70E53C1-B64F-42BC-B6F0-06FB00BA26A7}.Debug|iPhoneSimulator.Deploy.0 = Debug|iPhoneSimulator
		{A70E53C1-B64F-42BC-B6F0-06FB00BA26A7}.Release|Any CPU.ActiveCfg = Release|iPhoneSimulator
		{A70E53C1-B64F-42BC-B6F0-06FB00BA26A7}.Release|Any CPU.Build.0 = Release|iPhoneSimulator
		{A70E53C1-B64F-42BC-B6F0-06FB00BA26A7}.Release|Any CPU.Deploy.0 = Release|iPhoneSimulator
		{A70E53C1-B64F-42BC-B6F0-06FB00BA26A7}.Release|iPhone.ActiveCfg = Release|iPhone
		{A70E53C1-B64F-42BC-B6F0-06FB00BA26A7}.Release|iPhone.Build.0 = Release|iPhone
		{A70E53C1-B64F-42BC-B6F0-06FB00BA26A7}.Release|iPhone.Deploy.0 = Release|iPhone
		{A70E53C1-B64F-42BC-B6F0-06FB00BA26A7}.Release|iPhoneSimulator.ActiveCfg = Release|iPhoneSimulator
		{A70E53C1-B64F-42BC-B6F0-06FB00BA26A7}.Release|iPhoneSimulator.Build.0 = Release|iPhoneSimulator
		{A70E53C1-B64F-42BC-B6F0-06FB00BA26A7}.Release|iPhoneSimulator.Deploy.0 = Release|iPhoneSimulator
		{C7ECE0E9-5111-4545-B5DD-F6553874D3D9}.Debug|Any CPU.ActiveCfg = Debug|Any CPU
		{C7ECE0E9-5111-4545-B5DD-F6553874D3D9}.Debug|Any CPU.Build.0 = Debug|Any CPU
		{C7ECE0E9-5111-4545-B5DD-F6553874D3D9}.Debug|Any CPU.Deploy.0 = Debug|Any CPU
		{C7ECE0E9-5111-4545-B5DD-F6553874D3D9}.Debug|iPhone.ActiveCfg = Debug|Any CPU
		{C7ECE0E9-5111-4545-B5DD-F6553874D3D9}.Debug|iPhone.Build.0 = Debug|Any CPU
		{C7ECE0E9-5111-4545-B5DD-F6553874D3D9}.Debug|iPhone.Deploy.0 = Debug|Any CPU
		{C7ECE0E9-5111-4545-B5DD-F6553874D3D9}.Debug|iPhoneSimulator.ActiveCfg = Debug|Any CPU
		{C7ECE0E9-5111-4545-B5DD-F6553874D3D9}.Debug|iPhoneSimulator.Build.0 = Debug|Any CPU
		{C7ECE0E9-5111-4545-B5DD-F6553874D3D9}.Debug|iPhoneSimulator.Deploy.0 = Debug|Any CPU
		{C7ECE0E9-5111-4545-B5DD-F6553874D3D9}.Release|Any CPU.ActiveCfg = Release|Any CPU
		{C7ECE0E9-5111-4545-B5DD-F6553874D3D9}.Release|Any CPU.Build.0 = Release|Any CPU
		{C7ECE0E9-5111-4545-B5DD-F6553874D3D9}.Release|Any CPU.Deploy.0 = Release|Any CPU
		{C7ECE0E9-5111-4545-B5DD-F6553874D3D9}.Release|iPhone.ActiveCfg = Release|Any CPU
		{C7ECE0E9-5111-4545-B5DD-F6553874D3D9}.Release|iPhone.Build.0 = Release|Any CPU
		{C7ECE0E9-5111-4545-B5DD-F6553874D3D9}.Release|iPhone.Deploy.0 = Release|Any CPU
		{C7ECE0E9-5111-4545-B5DD-F6553874D3D9}.Release|iPhoneSimulator.ActiveCfg = Release|Any CPU
		{C7ECE0E9-5111-4545-B5DD-F6553874D3D9}.Release|iPhoneSimulator.Build.0 = Release|Any CPU
		{C7ECE0E9-5111-4545-B5DD-F6553874D3D9}.Release|iPhoneSimulator.Deploy.0 = Release|Any CPU
	EndGlobalSection
	GlobalSection(SolutionProperties) = preSolution
		HideSolutionNode = FALSE
	EndGlobalSection
	GlobalSection(ExtensibilityGlobals) = postSolution
		SolutionGuid = {9AA32534-35CD-4862-8705-D9771C7BB0EC}
	EndGlobalSection
EndGlobal
